// !$*UTF8*$!
{
	archiveVersion = 1;
	classes = {
	};
	objectVersion = 46;
	objects = {

/* Begin PBXFileReference section */
		3A02859E164EF9C2006511FC /* libIpad Managment LIbrary 2012.dylib */ = {isa = PBXFileReference; explicitFileType = "compiled.mach-o.dylib"; includeInIndex = 0; path = "libIpad Managment LIbrary 2012.dylib"; sourceTree = BUILT_PRODUCTS_DIR; };
/* End PBXFileReference section */

/* Begin PBXFrameworksBuildPhase section */
		3A02859B164EF9C2006511FC /* Frameworks */ = {
			isa = PBXFrameworksBuildPhase;
			buildActionMask = 2147483647;
			files = (
			);
			runOnlyForDeploymentPostprocessing = 0;
		};
/* End PBXFrameworksBuildPhase section */

/* Begin PBXGroup section */
		3A028593164EF9C2006511FC = {
			isa = PBXGroup;
			children = (
				3A02859F164EF9C2006511FC /* Products */,
			);
			sourceTree = "<group>";
		};
		3A02859F164EF9C2006511FC /* Products */ = {
			isa = PBXGroup;
			children = (
				3A02859E164EF9C2006511FC /* libIpad Managment LIbrary 2012.dylib */,
			);
			name = Products;
			sourceTree = "<group>";
		};
/* End PBXGroup section */

/* Begin PBXHeadersBuildPhase section */
		3A02859C164EF9C2006511FC /* Headers */ = {
			isa = PBXHeadersBuildPhase;
			buildActionMask = 2147483647;
			files = (
			);
			runOnlyForDeploymentPostprocessing = 0;
		};
/* End PBXHeadersBuildPhase section */

/* Begin PBXNativeTarget section */
		3A02859D164EF9C2006511FC /* Ipad Managment LIbrary 2012 */ = {
			isa = PBXNativeTarget;
			buildConfigurationList = 3A0285A2164EF9C2006511FC /* Build configuration list for PBXNativeTarget "Ipad Managment LIbrary 2012" */;
			buildPhases = (
				3A02859A164EF9C2006511FC /* Sources */,
				3A02859B164EF9C2006511FC /* Frameworks */,
				3A02859C164EF9C2006511FC /* Headers */,
			);
			buildRules = (
			);
			dependencies = (
			);
			name = "Ipad Managment LIbrary 2012";
			productName = "Ipad Managment LIbrary 2012";
			productReference = 3A02859E164EF9C2006511FC /* libIpad Managment LIbrary 2012.dylib */;
			productType = "com.apple.product-type.library.dynamic";
		};
/* End PBXNativeTarget section */

/* Begin PBXProject section */
		3A028595164EF9C2006511FC /* Project object */ = {
			isa = PBXProject;
			attributes = {
				LastUpgradeCheck = 0420;
				ORGANIZATIONNAME = "Larkin Community College";
			};
			buildConfigurationList = 3A028598164EF9C2006511FC /* Build configuration list for PBXProject "Ipad Managment LIbrary 2012" */;
			compatibilityVersion = "Xcode 3.2";
			developmentRegion = English;
			hasScannedForEncodings = 0;
			knownRegions = (
				en,
			);
			mainGroup = 3A028593164EF9C2006511FC;
			productRefGroup = 3A02859F164EF9C2006511FC /* Products */;
			projectDirPath = "";
			projectRoot = "";
			targets = (
				3A02859D164EF9C2006511FC /* Ipad Managment LIbrary 2012 */,
			);
		};
/* End PBXProject section */

/* Begin PBXSourcesBuildPhase section */
		3A02859A164EF9C2006511FC /* Sources */ = {
			isa = PBXSourcesBuildPhase;
			buildActionMask = 2147483647;
			files = (
			);
			runOnlyForDeploymentPostprocessing = 0;
		};
/* End PBXSourcesBuildPhase section */

/* Begin XCBuildConfiguration section */
		3A0285A0164EF9C2006511FC /* Debug */ = {
			isa = XCBuildConfiguration;
			buildSettings = {
				ALWAYS_SEARCH_USER_PATHS = NO;
				ARCHS = "$(ARCHS_STANDARD_64_BIT)";
				CLANG_ENABLE_OBJC_ARC = YES;
				COPY_PHASE_STRIP = NO;
				GCC_C_LANGUAGE_STANDARD = gnu99;
				GCC_DYNAMIC_NO_PIC = NO;
				GCC_ENABLE_OBJC_EXCEPTIONS = YES;
				GCC_OPTIMIZATION_LEVEL = 0;
				GCC_PREPROCESSOR_DEFINITIONS = (
					"DEBUG=1",
					"$(inherited)",
				);
				GCC_SYMBOLS_PRIVATE_EXTERN = NO;
				GCC_VERSION = com.apple.compilers.llvm.clang.1_0;
				GCC_WARN_64_TO_32_BIT_CONVERSION = YES;
				GCC_WARN_ABOUT_MISSING_PROTOTYPES = YES;
				GCC_WARN_ABOUT_RETURN_TYPE = YES;
				GCC_WARN_UNUSED_VARIABLE = YES;
				MACOSX_DEPLOYMENT_TARGET = 10.7;
				ONLY_ACTIVE_ARCH = YES;
				SDKROOT = macosx;
			};
			name = Debug;
		};
		3A0285A1164EF9C2006511FC /* Release */ = {
			isa = XCBuildConfiguration;
			buildSettings = {
				ALWAYS_SEARCH_USER_PATHS = NO;
				ARCHS = "$(ARCHS_STANDARD_64_BIT)";
				CLANG_ENABLE_OBJC_ARC = YES;
				COPY_PHASE_STRIP = YES;
				DEBUG_INFORMATION_FORMAT = "dwarf-with-dsym";
				GCC_C_LANGUAGE_STANDARD = gnu99;
				GCC_ENABLE_OBJC_EXCEPTIONS = YES;
				GCC_VERSION = com.apple.compilers.llvm.clang.1_0;
				GCC_WARN_64_TO_32_BIT_CONVERSION = YES;
				GCC_WARN_ABOUT_MISSING_PROTOTYPES = YES;
				GCC_WARN_ABOUT_RETURN_TYPE = YES;
				GCC_WARN_UNUSED_VARIABLE = YES;
				MACOSX_DEPLOYMENT_TARGET = 10.7;
				SDKROOT = macosx;
			};
			name = Release;
		};
		3A0285A3164EF9C2006511FC /* Debug */ = {
			isa = XCBuildConfiguration;
			buildSettings = {
				EXECUTABLE_PREFIX = lib;
				PRODUCT_NAME = "$(TARGET_NAME)";
			};
			name = Debug;
		};
		3A0285A4164EF9C2006511FC /* Release */ = {
			isa = XCBuildConfiguration;
			buildSettings = {
				EXECUTABLE_PREFIX = lib;
				PRODUCT_NAME = "$(TARGET_NAME)";
			};
			name = Release;
		};
/* End XCBuildConfiguration section */

/* Begin XCConfigurationList section */
		3A028598164EF9C2006511FC /* Build configuration list for PBXProject "Ipad Managment LIbrary 2012" */ = {
			isa = XCConfigurationList;
			buildConfigurations = (
				3A0285A0164EF9C2006511FC /* Debug */,
				3A0285A1164EF9C2006511FC /* Release */,
			);
			defaultConfigurationIsVisible = 0;
			defaultConfigurationName = Release;
		};
		3A0285A2164EF9C2006511FC /* Build configuration list for PBXNativeTarget "Ipad Managment LIbrary 2012" */ = {
			isa = XCConfigurationList;
			buildConfigurations = (
				3A0285A3164EF9C2006511FC /* Debug */,
				3A0285A4164EF9C2006511FC /* Release */,
			);
			defaultConfigurationIsVisible = 0;
		};
/* End XCConfigurationList section */
	};
	rootObject = 3A028595164EF9C2006511FC /* Project object */;
}
